
Microsoft Visual Studio Solution File, Format Version 12.00
# Visual Studio Version 17
VisualStudioVersion = 17.6.33815.320
MinimumVisualStudioVersion = 10.0.40219.1
Project("{FAE04EC0-301F-11D3-BF4B-00C04F79EFBC}") = "RestProSOE1", "RestProSOE1\RestProSOE1.csproj", "{1398E188-432C-4D61-8EC6-A8D6096BB138}"
EndProject
Global
	GlobalSection(SolutionConfigurationPlatforms) = preSolution
		Debug|Any CPU = Debug|Any CPU
		Release|Any CPU = Release|Any CPU
	EndGlobalSection
	GlobalSection(ProjectConfigurationPlatforms) = postSolution
		{1398E188-432C-4D61-8EC6-A8D6096BB138}.Debug|Any CPU.ActiveCfg = Debug|Any CPU
		{1398E188-432C-4D61-8EC6-A8D6096BB138}.Debug|Any CPU.Build.0 = Debug|Any CPU
		{1398E188-432C-4D61-8EC6-A8D6096BB138}.Release|Any CPU.ActiveCfg = Release|Any CPU
		{1398E188-432C-4D61-8EC6-A8D6096BB138}.Release|Any CPU.Build.0 = Release|Any CPU
	EndGlobalSection
	GlobalSection(SolutionProperties) = preSolution
		HideSolutionNode = FALSE
	EndGlobalSection
	GlobalSection(ExtensibilityGlobals) = postSolution
		SolutionGuid = {396D69D4-E61E-414C-A4F2-7002C9DE4114}
	EndGlobalSection
EndGlobal
